
Microsoft Visual Studio Solution File, Format Version 12.00
# Visual Studio Version 17
VisualStudioVersion = 17.14.36202.13 d17.14
MinimumVisualStudioVersion = 10.0.40219.1
Project("{FAE04EC0-301F-11D3-BF4B-00C04F79EFBC}") = "jenkinsDemo2", "jenkinsDemo2\jenkinsDemo2.csproj", "{74D5716C-1D00-40A9-82A0-C57A525624CA}"
EndProject
Global
	GlobalSection(SolutionConfigurationPlatforms) = preSolution
		Debug|Any CPU = Debug|Any CPU
		Release|Any CPU = Release|Any CPU
	EndGlobalSection
	GlobalSection(ProjectConfigurationPlatforms) = postSolution
		{74D5716C-1D00-40A9-82A0-C57A525624CA}.Debug|Any CPU.ActiveCfg = Debug|Any CPU
		{74D5716C-1D00-40A9-82A0-C57A525624CA}.Debug|Any CPU.Build.0 = Debug|Any CPU
		{74D5716C-1D00-40A9-82A0-C57A525624CA}.Release|Any CPU.ActiveCfg = Release|Any CPU
		{74D5716C-1D00-40A9-82A0-C57A525624CA}.Release|Any CPU.Build.0 = Release|Any CPU
	EndGlobalSection
	GlobalSection(SolutionProperties) = preSolution
		HideSolutionNode = FALSE
	EndGlobalSection
	GlobalSection(ExtensibilityGlobals) = postSolution
		SolutionGuid = {DEE5CE2E-7603-47C4-8407-5D6763254A09}
	EndGlobalSection
EndGlobal
